
Microsoft Visual Studio Solution File, Format Version 12.00
# Visual Studio Version 16
VisualStudioVersion = 16.0.31005.135
MinimumVisualStudioVersion = 10.0.40219.1
Project("{FAE04EC0-301F-11D3-BF4B-00C04F79EFBC}") = "FlashLaundry", "FlashLaundry\FlashLaundry.csproj", "{5CEEE6F4-BB63-4F4C-B475-BAFDCD83AE8B}"
EndProject
Global
	GlobalSection(SolutionConfigurationPlatforms) = preSolution
		Debug|Any CPU = Debug|Any CPU
		Release|Any CPU = Release|Any CPU
	EndGlobalSection
	GlobalSection(ProjectConfigurationPlatforms) = postSolution
		{5CEEE6F4-BB63-4F4C-B475-BAFDCD83AE8B}.Debug|Any CPU.ActiveCfg = Debug|Any CPU
		{5CEEE6F4-BB63-4F4C-B475-BAFDCD83AE8B}.Debug|Any CPU.Build.0 = Debug|Any CPU
		{5CEEE6F4-BB63-4F4C-B475-BAFDCD83AE8B}.Release|Any CPU.ActiveCfg = Release|Any CPU
		{5CEEE6F4-BB63-4F4C-B475-BAFDCD83AE8B}.Release|Any CPU.Build.0 = Release|Any CPU
	EndGlobalSection
	GlobalSection(SolutionProperties) = preSolution
		HideSolutionNode = FALSE
	EndGlobalSection
	GlobalSection(ExtensibilityGlobals) = postSolution
		SolutionGuid = {F407A6FE-96F9-4722-9CBE-30B888A1667D}
	EndGlobalSection
EndGlobal
